
Microsoft Visual Studio Solution File, Format Version 12.00
# Visual Studio Version 17
VisualStudioVersion = 17.5.33530.505
MinimumVisualStudioVersion = 10.0.40219.1
Project("{9A19103F-16F7-4668-BE54-9A1E7A4F7556}") = "01-Exercicio", "src\01-Exercicio\01-Exercicio.csproj", "{91CEA4DB-6A82-4AFC-BA58-AA56FE5886DB}"
EndProject
Project("{FAE04EC0-301F-11D3-BF4B-00C04F79EFBC}") = "02-Exercicio", "src\02-Exercicio\02-Exercicio.csproj", "{B13E6C9B-69AC-433C-9026-DF0893C43D2B}"
EndProject
Global
	GlobalSection(SolutionConfigurationPlatforms) = preSolution
		Debug|Any CPU = Debug|Any CPU
		Release|Any CPU = Release|Any CPU
	EndGlobalSection
	GlobalSection(ProjectConfigurationPlatforms) = postSolution
		{91CEA4DB-6A82-4AFC-BA58-AA56FE5886DB}.Debug|Any CPU.ActiveCfg = Debug|Any CPU
		{91CEA4DB-6A82-4AFC-BA58-AA56FE5886DB}.Debug|Any CPU.Build.0 = Debug|Any CPU
		{91CEA4DB-6A82-4AFC-BA58-AA56FE5886DB}.Release|Any CPU.ActiveCfg = Release|Any CPU
		{91CEA4DB-6A82-4AFC-BA58-AA56FE5886DB}.Release|Any CPU.Build.0 = Release|Any CPU
		{B13E6C9B-69AC-433C-9026-DF0893C43D2B}.Debug|Any CPU.ActiveCfg = Debug|Any CPU
		{B13E6C9B-69AC-433C-9026-DF0893C43D2B}.Debug|Any CPU.Build.0 = Debug|Any CPU
		{B13E6C9B-69AC-433C-9026-DF0893C43D2B}.Release|Any CPU.ActiveCfg = Release|Any CPU
		{B13E6C9B-69AC-433C-9026-DF0893C43D2B}.Release|Any CPU.Build.0 = Release|Any CPU
	EndGlobalSection
	GlobalSection(SolutionProperties) = preSolution
		HideSolutionNode = FALSE
	EndGlobalSection
	GlobalSection(ExtensibilityGlobals) = postSolution
		SolutionGuid = {EBEE9721-1619-46CD-9D42-687D54EBFA61}
	EndGlobalSection
EndGlobal
